// !$*UTF8*$!
{
	archiveVersion = 1;
	classes = {
	};
	objectVersion = 50;
	objects = {

/* Begin PBXBuildFile section */
		8A32C2C524D585A1002DDF5F /* Array+Identifiable.swift in Sources */ = {isa = PBXBuildFile; fileRef = 8A32C2C424D585A1002DDF5F /* Array+Identifiable.swift */; };
		8A58D18A24DFF1C700D65A95 /* Cardify.swift in Sources */ = {isa = PBXBuildFile; fileRef = 8A58D18924DFF1C700D65A95 /* Cardify.swift */; };
		8A5AAEB824DC3BF800CE83A9 /* Pie.swift in Sources */ = {isa = PBXBuildFile; fileRef = 8A5AAEB724DC3BF800CE83A9 /* Pie.swift */; };
		8A817F3524DC244C0028E795 /* Array+Only.swift in Sources */ = {isa = PBXBuildFile; fileRef = 8A817F3424DC244C0028E795 /* Array+Only.swift */; };
		8A8ACAC624CFFA3E00209C20 /* Grid.swift in Sources */ = {isa = PBXBuildFile; fileRef = 8A8ACAC524CFFA3E00209C20 /* Grid.swift */; };
		8A8ACAC824D0161600209C20 /* GridLayout.swift in Sources */ = {isa = PBXBuildFile; fileRef = 8A8ACAC724D0161600209C20 /* GridLayout.swift */; };
		8ADF85BB24B6F29D00836646 /* AppDelegate.swift in Sources */ = {isa = PBXBuildFile; fileRef = 8ADF85BA24B6F29D00836646 /* AppDelegate.swift */; };
		8ADF85BD24B6F29D00836646 /* SceneDelegate.swift in Sources */ = {isa = PBXBuildFile; fileRef = 8ADF85BC24B6F29D00836646 /* SceneDelegate.swift */; };
		8ADF85BF24B6F29D00836646 /* EmojiMemoryGameView.swift in Sources */ = {isa = PBXBuildFile; fileRef = 8ADF85BE24B6F29D00836646 /* EmojiMemoryGameView.swift */; };
		8ADF85C124B6F29F00836646 /* Assets.xcassets in Resources */ = {isa = PBXBuildFile; fileRef = 8ADF85C024B6F29F00836646 /* Assets.xcassets */; };
		8ADF85C424B6F29F00836646 /* Preview Assets.xcassets in Resources */ = {isa = PBXBuildFile; fileRef = 8ADF85C324B6F29F00836646 /* Preview Assets.xcassets */; };
		8ADF85C724B6F29F00836646 /* LaunchScreen.storyboard in Resources */ = {isa = PBXBuildFile; fileRef = 8ADF85C524B6F29F00836646 /* LaunchScreen.storyboard */; };
		8ADF85D224B6F29F00836646 /* MemorizeTests.swift in Sources */ = {isa = PBXBuildFile; fileRef = 8ADF85D124B6F29F00836646 /* MemorizeTests.swift */; };
		8ADF85DD24BC327F00836646 /* MemoryGame.swift in Sources */ = {isa = PBXBuildFile; fileRef = 8ADF85DC24BC327F00836646 /* MemoryGame.swift */; };
		8ADF85DF24BC349A00836646 /* EmojiMemoryGame.swift in Sources */ = {isa = PBXBuildFile; fileRef = 8ADF85DE24BC349A00836646 /* EmojiMemoryGame.swift */; };
/* End PBXBuildFile section */

/* Begin PBXContainerItemProxy section */
		8ADF85CE24B6F29F00836646 /* PBXContainerItemProxy */ = {
			isa = PBXContainerItemProxy;
			containerPortal = 8ADF85AF24B6F29D00836646 /* Project object */;
			proxyType = 1;
			remoteGlobalIDString = 8ADF85B624B6F29D00836646;
			remoteInfo = Memorize;
		};
/* End PBXContainerItemProxy section */

/* Begin PBXFileReference section */
		8A32C2C424D585A1002DDF5F /* Array+Identifiable.swift */ = {isa = PBXFileReference; lastKnownFileType = sourcecode.swift; path = "Array+Identifiable.swift"; sourceTree = "<group>"; };
		8A58D18924DFF1C700D65A95 /* Cardify.swift */ = {isa = PBXFileReference; lastKnownFileType = sourcecode.swift; path = Cardify.swift; sourceTree = "<group>"; };
		8A5AAEB724DC3BF800CE83A9 /* Pie.swift */ = {isa = PBXFileReference; lastKnownFileType = sourcecode.swift; path = Pie.swift; sourceTree = "<group>"; };
		8A817F3424DC244C0028E795 /* Array+Only.swift */ = {isa = PBXFileReference; lastKnownFileType = sourcecode.swift; path = "Array+Only.swift"; sourceTree = "<group>"; };
		8A8ACAC524CFFA3E00209C20 /* Grid.swift */ = {isa = PBXFileReference; lastKnownFileType = sourcecode.swift; path = Grid.swift; sourceTree = "<group>"; };
		8A8ACAC724D0161600209C20 /* GridLayout.swift */ = {isa = PBXFileReference; fileEncoding = 4; lastKnownFileType = sourcecode.swift; path = GridLayout.swift; sourceTree = "<group>"; };
		8ADF85B724B6F29D00836646 /* Memorize.app */ = {isa = PBXFileReference; explicitFileType = wrapper.application; includeInIndex = 0; path = Memorize.app; sourceTree = BUILT_PRODUCTS_DIR; };
		8ADF85BA24B6F29D00836646 /* AppDelegate.swift */ = {isa = PBXFileReference; lastKnownFileType = sourcecode.swift; path = AppDelegate.swift; sourceTree = "<group>"; };
		8ADF85BC24B6F29D00836646 /* SceneDelegate.swift */ = {isa = PBXFileReference; lastKnownFileType = sourcecode.swift; path = SceneDelegate.swift; sourceTree = "<group>"; };
		8ADF85BE24B6F29D00836646 /* EmojiMemoryGameView.swift */ = {isa = PBXFileReference; lastKnownFileType = sourcecode.swift; path = EmojiMemoryGameView.swift; sourceTree = "<group>"; };
		8ADF85C024B6F29F00836646 /* Assets.xcassets */ = {isa = PBXFileReference; lastKnownFileType = folder.assetcatalog; path = Assets.xcassets; sourceTree = "<group>"; };
		8ADF85C324B6F29F00836646 /* Preview Assets.xcassets */ = {isa = PBXFileReference; lastKnownFileType = folder.assetcatalog; path = "Preview Assets.xcassets"; sourceTree = "<group>"; };
		8ADF85C624B6F29F00836646 /* Base */ = {isa = PBXFileReference; lastKnownFileType = file.storyboard; name = Base; path = Base.lproj/LaunchScreen.storyboard; sourceTree = "<group>"; };
		8ADF85C824B6F29F00836646 /* Info.plist */ = {isa = PBXFileReference; lastKnownFileType = text.plist.xml; path = Info.plist; sourceTree = "<group>"; };
		8ADF85CD24B6F29F00836646 /* MemorizeTests.xctest */ = {isa = PBXFileReference; explicitFileType = wrapper.cfbundle; includeInIndex = 0; path = MemorizeTests.xctest; sourceTree = BUILT_PRODUCTS_DIR; };
		8ADF85D124B6F29F00836646 /* MemorizeTests.swift */ = {isa = PBXFileReference; lastKnownFileType = sourcecode.swift; path = MemorizeTests.swift; sourceTree = "<group>"; };
		8ADF85D324B6F29F00836646 /* Info.plist */ = {isa = PBXFileReference; lastKnownFileType = text.plist.xml; path = Info.plist; sourceTree = "<group>"; };
		8ADF85DC24BC327F00836646 /* MemoryGame.swift */ = {isa = PBXFileReference; lastKnownFileType = sourcecode.swift; path = MemoryGame.swift; sourceTree = "<group>"; };
		8ADF85DE24BC349A00836646 /* EmojiMemoryGame.swift */ = {isa = PBXFileReference; lastKnownFileType = sourcecode.swift; path = EmojiMemoryGame.swift; sourceTree = "<group>"; };
/* End PBXFileReference section */

/* Begin PBXFrameworksBuildPhase section */
		8ADF85B424B6F29D00836646 /* Frameworks */ = {
			isa = PBXFrameworksBuildPhase;
			buildActionMask = 2147483647;
			files = (
			);
			runOnlyForDeploymentPostprocessing = 0;
		};
		8ADF85CA24B6F29F00836646 /* Frameworks */ = {
			isa = PBXFrameworksBuildPhase;
			buildActionMask = 2147483647;
			files = (
			);
			runOnlyForDeploymentPostprocessing = 0;
		};
/* End PBXFrameworksBuildPhase section */

/* Begin PBXGroup section */
		8ADF85AE24B6F29D00836646 = {
			isa = PBXGroup;
			children = (
				8ADF85B924B6F29D00836646 /* Memorize */,
				8ADF85D024B6F29F00836646 /* MemorizeTests */,
				8ADF85B824B6F29D00836646 /* Products */,
			);
			sourceTree = "<group>";
		};
		8ADF85B824B6F29D00836646 /* Products */ = {
			isa = PBXGroup;
			children = (
				8ADF85B724B6F29D00836646 /* Memorize.app */,
				8ADF85CD24B6F29F00836646 /* MemorizeTests.xctest */,
			);
			name = Products;
			sourceTree = "<group>";
		};
		8ADF85B924B6F29D00836646 /* Memorize */ = {
			isa = PBXGroup;
			children = (
				8ADF85DC24BC327F00836646 /* MemoryGame.swift */,
				8A32C2C424D585A1002DDF5F /* Array+Identifiable.swift */,
				8ADF85BA24B6F29D00836646 /* AppDelegate.swift */,
				8ADF85BC24B6F29D00836646 /* SceneDelegate.swift */,
				8ADF85DE24BC349A00836646 /* EmojiMemoryGame.swift */,
				8ADF85BE24B6F29D00836646 /* EmojiMemoryGameView.swift */,
				8A58D18924DFF1C700D65A95 /* Cardify.swift */,
				8A5AAEB724DC3BF800CE83A9 /* Pie.swift */,
				8A8ACAC724D0161600209C20 /* GridLayout.swift */,
				8A8ACAC524CFFA3E00209C20 /* Grid.swift */,
				8ADF85C024B6F29F00836646 /* Assets.xcassets */,
				8ADF85C524B6F29F00836646 /* LaunchScreen.storyboard */,
				8ADF85C824B6F29F00836646 /* Info.plist */,
				8ADF85C224B6F29F00836646 /* Preview Content */,
				8A817F3424DC244C0028E795 /* Array+Only.swift */,
			);
			path = Memorize;
			sourceTree = "<group>";
		};
		8ADF85C224B6F29F00836646 /* Preview Content */ = {
			isa = PBXGroup;
			children = (
				8ADF85C324B6F29F00836646 /* Preview Assets.xcassets */,
			);
			path = "Preview Content";
			sourceTree = "<group>";
		};
		8ADF85D024B6F29F00836646 /* MemorizeTests */ = {
			isa = PBXGroup;
			children = (
				8ADF85D124B6F29F00836646 /* MemorizeTests.swift */,
				8ADF85D324B6F29F00836646 /* Info.plist */,
			);
			path = MemorizeTests;
			sourceTree = "<group>";
		};
/* End PBXGroup section */

/* Begin PBXNativeTarget section */
		8ADF85B624B6F29D00836646 /* Memorize */ = {
			isa = PBXNativeTarget;
			buildConfigurationList = 8ADF85D624B6F29F00836646 /* Build configuration list for PBXNativeTarget "Memorize" */;
			buildPhases = (
				8ADF85B324B6F29D00836646 /* Sources */,
				8ADF85B424B6F29D00836646 /* Frameworks */,
				8ADF85B524B6F29D00836646 /* Resources */,
			);
			buildRules = (
			);
			dependencies = (
			);
			name = Memorize;
			productName = Memorize;
			productReference = 8ADF85B724B6F29D00836646 /* Memorize.app */;
			productType = "com.apple.product-type.application";
		};
		8ADF85CC24B6F29F00836646 /* MemorizeTests */ = {
			isa = PBXNativeTarget;
			buildConfigurationList = 8ADF85D924B6F29F00836646 /* Build configuration list for PBXNativeTarget "MemorizeTests" */;
			buildPhases = (
				8ADF85C924B6F29F00836646 /* Sources */,
				8ADF85CA24B6F29F00836646 /* Frameworks */,
				8ADF85CB24B6F29F00836646 /* Resources */,
			);
			buildRules = (
			);
			dependencies = (
				8ADF85CF24B6F29F00836646 /* PBXTargetDependency */,
			);
			name = MemorizeTests;
			productName = MemorizeTests;
			productReference = 8ADF85CD24B6F29F00836646 /* MemorizeTests.xctest */;
			productType = "com.apple.product-type.bundle.unit-test";
		};
/* End PBXNativeTarget section */

/* Begin PBXProject section */
		8ADF85AF24B6F29D00836646 /* Project object */ = {
			isa = PBXProject;
			attributes = {
				LastSwiftUpdateCheck = 1100;
				LastUpgradeCheck = 1100;
				ORGANIZATIONNAME = "Mona Hammad";
				TargetAttributes = {
					8ADF85B624B6F29D00836646 = {
						CreatedOnToolsVersion = 11.0;
					};
					8ADF85CC24B6F29F00836646 = {
						CreatedOnToolsVersion = 11.0;
						TestTargetID = 8ADF85B624B6F29D00836646;
					};
				};
			};
			buildConfigurationList = 8ADF85B224B6F29D00836646 /* Build configuration list for PBXProject "Memorize" */;
			compatibilityVersion = "Xcode 9.3";
			developmentRegion = en;
			hasScannedForEncodings = 0;
			knownRegions = (
				en,
				Base,
			);
			mainGroup = 8ADF85AE24B6F29D00836646;
			productRefGroup = 8ADF85B824B6F29D00836646 /* Products */;
			projectDirPath = "";
			projectRoot = "";
			targets = (
				8ADF85B624B6F29D00836646 /* Memorize */,
				8ADF85CC24B6F29F00836646 /* MemorizeTests */,
			);
		};
/* End PBXProject section */

/* Begin PBXResourcesBuildPhase section */
		8ADF85B524B6F29D00836646 /* Resources */ = {
			isa = PBXResourcesBuildPhase;
			buildActionMask = 2147483647;
			files = (
				8ADF85C724B6F29F00836646 /* LaunchScreen.storyboard in Resources */,
				8ADF85C424B6F29F00836646 /* Preview Assets.xcassets in Resources */,
				8ADF85C124B6F29F00836646 /* Assets.xcassets in Resources */,
			);
			runOnlyForDeploymentPostprocessing = 0;
		};
		8ADF85CB24B6F29F00836646 /* Resources */ = {
			isa = PBXResourcesBuildPhase;
			buildActionMask = 2147483647;
			files = (
			);
			runOnlyForDeploymentPostprocessing = 0;
		};
/* End PBXResourcesBuildPhase section */

/* Begin PBXSourcesBuildPhase section */
		8ADF85B324B6F29D00836646 /* Sources */ = {
			isa = PBXSourcesBuildPhase;
			buildActionMask = 2147483647;
			files = (
				8A58D18A24DFF1C700D65A95 /* Cardify.swift in Sources */,
				8A5AAEB824DC3BF800CE83A9 /* Pie.swift in Sources */,
				8ADF85DD24BC327F00836646 /* MemoryGame.swift in Sources */,
				8ADF85BB24B6F29D00836646 /* AppDelegate.swift in Sources */,
				8ADF85BD24B6F29D00836646 /* SceneDelegate.swift in Sources */,
				8A817F3524DC244C0028E795 /* Array+Only.swift in Sources */,
				8ADF85BF24B6F29D00836646 /* EmojiMemoryGameView.swift in Sources */,
				8ADF85DF24BC349A00836646 /* EmojiMemoryGame.swift in Sources */,
				8A32C2C524D585A1002DDF5F /* Array+Identifiable.swift in Sources */,
				8A8ACAC824D0161600209C20 /* GridLayout.swift in Sources */,
				8A8ACAC624CFFA3E00209C20 /* Grid.swift in Sources */,
			);
			runOnlyForDeploymentPostprocessing = 0;
		};
		8ADF85C924B6F29F00836646 /* Sources */ = {
			isa = PBXSourcesBuildPhase;
			buildActionMask = 2147483647;
			files = (
				8ADF85D224B6F29F00836646 /* MemorizeTests.swift in Sources */,
			);
			runOnlyForDeploymentPostprocessing = 0;
		};
/* End PBXSourcesBuildPhase section */

/* Begin PBXTargetDependency section */
		8ADF85CF24B6F29F00836646 /* PBXTargetDependency */ = {
			isa = PBXTargetDependency;
			target = 8ADF85B624B6F29D00836646 /* Memorize */;
			targetProxy = 8ADF85CE24B6F29F00836646 /* PBXContainerItemProxy */;
		};
/* End PBXTargetDependency section */

/* Begin PBXVariantGroup section */
		8ADF85C524B6F29F00836646 /* LaunchScreen.storyboard */ = {
			isa = PBXVariantGroup;
			children = (
				8ADF85C624B6F29F00836646 /* Base */,
			);
			name = LaunchScreen.storyboard;
			sourceTree = "<group>";
		};
/* End PBXVariantGroup section */

/* Begin XCBuildConfiguration section */
		8ADF85D424B6F29F00836646 /* Debug */ = {
			isa = XCBuildConfiguration;
			buildSettings = {
				ALWAYS_SEARCH_USER_PATHS = NO;
				CLANG_ANALYZER_NONNULL = YES;
				CLANG_ANALYZER_NUMBER_OBJECT_CONVERSION = YES_AGGRESSIVE;
				CLANG_CXX_LANGUAGE_STANDARD = "gnu++14";
				CLANG_CXX_LIBRARY = "libc++";
				CLANG_ENABLE_MODULES = YES;
				CLANG_ENABLE_OBJC_ARC = YES;
				CLANG_ENABLE_OBJC_WEAK = YES;
				CLANG_WARN_BLOCK_CAPTURE_AUTORELEASING = YES;
				CLANG_WARN_BOOL_CONVERSION = YES;
				CLANG_WARN_COMMA = YES;
				CLANG_WARN_CONSTANT_CONVERSION = YES;
				CLANG_WARN_DEPRECATED_OBJC_IMPLEMENTATIONS = YES;
				CLANG_WARN_DIRECT_OBJC_ISA_USAGE = YES_ERROR;
				CLANG_WARN_DOCUMENTATION_COMMENTS = YES;
				CLANG_WARN_EMPTY_BODY = YES;
				CLANG_WARN_ENUM_CONVERSION = YES;
				CLANG_WARN_INFINITE_RECURSION = YES;
				CLANG_WARN_INT_CONVERSION = YES;
				CLANG_WARN_NON_LITERAL_NULL_CONVERSION = YES;
				CLANG_WARN_OBJC_IMPLICIT_RETAIN_SELF = YES;
				CLANG_WARN_OBJC_LITERAL_CONVERSION = YES;
				CLANG_WARN_OBJC_ROOT_CLASS = YES_ERROR;
				CLANG_WARN_RANGE_LOOP_ANALYSIS = YES;
				CLANG_WARN_STRICT_PROTOTYPES = YES;
				CLANG_WARN_SUSPICIOUS_MOVE = YES;
				CLANG_WARN_UNGUARDED_AVAILABILITY = YES_AGGRESSIVE;
				CLANG_WARN_UNREACHABLE_CODE = YES;
				CLANG_WARN__DUPLICATE_METHOD_MATCH = YES;
				COPY_PHASE_STRIP = NO;
				DEBUG_INFORMATION_FORMAT = dwarf;
				ENABLE_STRICT_OBJC_MSGSEND = YES;
				ENABLE_TESTABILITY = YES;
				GCC_C_LANGUAGE_STANDARD = gnu11;
				GCC_DYNAMIC_NO_PIC = NO;
				GCC_NO_COMMON_BLOCKS = YES;
				GCC_OPTIMIZATION_LEVEL = 0;
				GCC_PREPROCESSOR_DEFINITIONS = (
					"DEBUG=1",
					"$(inherited)",
				);
				GCC_WARN_64_TO_32_BIT_CONVERSION = YES;
				GCC_WARN_ABOUT_RETURN_TYPE = YES_ERROR;
				GCC_WARN_UNDECLARED_SELECTOR = YES;
				GCC_WARN_UNINITIALIZED_AUTOS = YES_AGGRESSIVE;
				GCC_WARN_UNUSED_FUNCTION = YES;
				GCC_WARN_UNUSED_VARIABLE = YES;
				IPHONEOS_DEPLOYMENT_TARGET = 13.0;
				MTL_ENABLE_DEBUG_INFO = INCLUDE_SOURCE;
				MTL_FAST_MATH = YES;
				ONLY_ACTIVE_ARCH = YES;
				SDKROOT = iphoneos;
				SWIFT_ACTIVE_COMPILATION_CONDITIONS = DEBUG;
				SWIFT_OPTIMIZATION_LEVEL = "-Onone";
			};
			name = Debug;
		};
		8ADF85D524B6F29F00836646 /* Release */ = {
			isa = XCBuildConfiguration;
			buildSettings = {
				ALWAYS_SEARCH_USER_PATHS = NO;
				CLANG_ANALYZER_NONNULL = YES;
				CLANG_ANALYZER_NUMBER_OBJECT_CONVERSION = YES_AGGRESSIVE;
				CLANG_CXX_LANGUAGE_STANDARD = "gnu++14";
				CLANG_CXX_LIBRARY = "libc++";
				CLANG_ENABLE_MODULES = YES;
				CLANG_ENABLE_OBJC_ARC = YES;
				CLANG_ENABLE_OBJC_WEAK = YES;
				CLANG_WARN_BLOCK_CAPTURE_AUTORELEASING = YES;
				CLANG_WARN_BOOL_CONVERSION = YES;
				CLANG_WARN_COMMA = YES;
				CLANG_WARN_CONSTANT_CONVERSION = YES;
				CLANG_WARN_DEPRECATED_OBJC_IMPLEMENTATIONS = YES;
				CLANG_WARN_DIRECT_OBJC_ISA_USAGE = YES_ERROR;
				CLANG_WARN_DOCUMENTATION_COMMENTS = YES;
				CLANG_WARN_EMPTY_BODY = YES;
				CLANG_WARN_ENUM_CONVERSION = YES;
				CLANG_WARN_INFINITE_RECURSION = YES;
				CLANG_WARN_INT_CONVERSION = YES;
				CLANG_WARN_NON_LITERAL_NULL_CONVERSION = YES;
				CLANG_WARN_OBJC_IMPLICIT_RETAIN_SELF = YES;
				CLANG_WARN_OBJC_LITERAL_CONVERSION = YES;
				CLANG_WARN_OBJC_ROOT_CLASS = YES_ERROR;
				CLANG_WARN_RANGE_LOOP_ANALYSIS = YES;
				CLANG_WARN_STRICT_PROTOTYPES = YES;
				CLANG_WARN_SUSPICIOUS_MOVE = YES;
				CLANG_WARN_UNGUARDED_AVAILABILITY = YES_AGGRESSIVE;
				CLANG_WARN_UNREACHABLE_CODE = YES;
				CLANG_WARN__DUPLICATE_METHOD_MATCH = YES;
				COPY_PHASE_STRIP = NO;
				DEBUG_INFORMATION_FORMAT = "dwarf-with-dsym";
				ENABLE_NS_ASSERTIONS = NO;
				ENABLE_STRICT_OBJC_MSGSEND = YES;
				GCC_C_LANGUAGE_STANDARD = gnu11;
				GCC_NO_COMMON_BLOCKS = YES;
				GCC_WARN_64_TO_32_BIT_CONVERSION = YES;
				GCC_WARN_ABOUT_RETURN_TYPE = YES_ERROR;
				GCC_WARN_UNDECLARED_SELECTOR = YES;
				GCC_WARN_UNINITIALIZED_AUTOS = YES_AGGRESSIVE;
				GCC_WARN_UNUSED_FUNCTION = YES;
				GCC_WARN_UNUSED_VARIABLE = YES;
				IPHONEOS_DEPLOYMENT_TARGET = 13.0;
				MTL_ENABLE_DEBUG_INFO = NO;
				MTL_FAST_MATH = YES;
				SDKROOT = iphoneos;
				SWIFT_COMPILATION_MODE = wholemodule;
				SWIFT_OPTIMIZATION_LEVEL = "-O";
				VALIDATE_PRODUCT = YES;
			};
			name = Release;
		};
		8ADF85D724B6F29F00836646 /* Debug */ = {
			isa = XCBuildConfiguration;
			buildSettings = {
				ASSETCATALOG_COMPILER_APPICON_NAME = AppIcon;
				CODE_SIGN_STYLE = Automatic;
				DEVELOPMENT_ASSET_PATHS = "\"Memorize/Preview Content\"";
				ENABLE_PREVIEWS = YES;
				INFOPLIST_FILE = Memorize/Info.plist;
				LD_RUNPATH_SEARCH_PATHS = (
					"$(inherited)",
					"@executable_path/Frameworks",
				);
				PRODUCT_BUNDLE_IDENTIFIER = mona.Memorize;
				PRODUCT_NAME = "$(TARGET_NAME)";
				SWIFT_VERSION = 5.0;
				TARGETED_DEVICE_FAMILY = "1,2";
			};
			name = Debug;
		};
		8ADF85D824B6F29F00836646 /* Release */ = {
			isa = XCBuildConfiguration;
			buildSettings = {
				ASSETCATALOG_COMPILER_APPICON_NAME = AppIcon;
				CODE_SIGN_STYLE = Automatic;
				DEVELOPMENT_ASSET_PATHS = "\"Memorize/Preview Content\"";
				ENABLE_PREVIEWS = YES;
				INFOPLIST_FILE = Memorize/Info.plist;
				LD_RUNPATH_SEARCH_PATHS = (
					"$(inherited)",
					"@executable_path/Frameworks",
				);
				PRODUCT_BUNDLE_IDENTIFIER = mona.Memorize;
				PRODUCT_NAME = "$(TARGET_NAME)";
				SWIFT_VERSION = 5.0;
				TARGETED_DEVICE_FAMILY = "1,2";
			};
			name = Release;
		};
		8ADF85DA24B6F29F00836646 /* Debug */ = {
			isa = XCBuildConfiguration;
			buildSettings = {
				ALWAYS_EMBED_SWIFT_STANDARD_LIBRARIES = YES;
				BUNDLE_LOADER = "$(TEST_HOST)";
				CODE_SIGN_STYLE = Automatic;
				INFOPLIST_FILE = MemorizeTests/Info.plist;
				IPHONEOS_DEPLOYMENT_TARGET = 13.0;
				LD_RUNPATH_SEARCH_PATHS = (
					"$(inherited)",
					"@executable_path/Frameworks",
					"@loader_path/Frameworks",
				);
				PRODUCT_BUNDLE_IDENTIFIER = mona.MemorizeTests;
				PRODUCT_NAME = "$(TARGET_NAME)";
				SWIFT_VERSION = 5.0;
				TARGETED_DEVICE_FAMILY = "1,2";
				TEST_HOST = "$(BUILT_PRODUCTS_DIR)/Memorize.app/Memorize";
			};
			name = Debug;
		};
		8ADF85DB24B6F29F00836646 /* Release */ = {
			isa = XCBuildConfiguration;
			buildSettings = {
				ALWAYS_EMBED_SWIFT_STANDARD_LIBRARIES = YES;
				BUNDLE_LOADER = "$(TEST_HOST)";
				CODE_SIGN_STYLE = Automatic;
				INFOPLIST_FILE = MemorizeTests/Info.plist;
				IPHONEOS_DEPLOYMENT_TARGET = 13.0;
				LD_RUNPATH_SEARCH_PATHS = (
					"$(inherited)",
					"@executable_path/Frameworks",
					"@loader_path/Frameworks",
				);
				PRODUCT_BUNDLE_IDENTIFIER = mona.MemorizeTests;
				PRODUCT_NAME = "$(TARGET_NAME)";
				SWIFT_VERSION = 5.0;
				TARGETED_DEVICE_FAMILY = "1,2";
				TEST_HOST = "$(BUILT_PRODUCTS_DIR)/Memorize.app/Memorize";
			};
			name = Release;
		};
/* End XCBuildConfiguration section */

/* Begin XCConfigurationList section */
		8ADF85B224B6F29D00836646 /* Build configuration list for PBXProject "Memorize" */ = {
			isa = XCConfigurationList;
			buildConfigurations = (
				8ADF85D424B6F29F00836646 /* Debug */,
				8ADF85D524B6F29F00836646 /* Release */,
			);
			defaultConfigurationIsVisible = 0;
			defaultConfigurationName = Release;
		};
		8ADF85D624B6F29F00836646 /* Build configuration list for PBXNativeTarget "Memorize" */ = {
			isa = XCConfigurationList;
			buildConfigurations = (
				8ADF85D724B6F29F00836646 /* Debug */,
				8ADF85D824B6F29F00836646 /* Release */,
			);
			defaultConfigurationIsVisible = 0;
			defaultConfigurationName = Release;
		};
		8ADF85D924B6F29F00836646 /* Build configuration list for PBXNativeTarget "MemorizeTests" */ = {
			isa = XCConfigurationList;
			buildConfigurations = (
				8ADF85DA24B6F29F00836646 /* Debug */,
				8ADF85DB24B6F29F00836646 /* Release */,
			);
			defaultConfigurationIsVisible = 0;
			defaultConfigurationName = Release;
		};
/* End XCConfigurationList section */
	};
	rootObject = 8ADF85AF24B6F29D00836646 /* Project object */;
}
